// !$*UTF8*$!
{
	archiveVersion = 1;
	classes = {
	};
	objectVersion = 77;
	objects = {

/* Begin PBXBuildFile section */
		DE2546772CE7279500C60671 /* Alamofire in Frameworks */ = {isa = PBXBuildFile; productRef = DE2546762CE7279500C60671 /* Alamofire */; };
		DE2546812CE7329D00C60671 /* KakaoSDK in Frameworks */ = {isa = PBXBuildFile; productRef = DE2546802CE7329D00C60671 /* KakaoSDK */; };
		DE2546832CE7329D00C60671 /* KakaoSDKAuth in Frameworks */ = {isa = PBXBuildFile; productRef = DE2546822CE7329D00C60671 /* KakaoSDKAuth */; };
		DE2546852CE7329D00C60671 /* KakaoSDKCommon in Frameworks */ = {isa = PBXBuildFile; productRef = DE2546842CE7329D00C60671 /* KakaoSDKCommon */; };
		DE2546872CE895AC00C60671 /* KakaoSDKCert in Frameworks */ = {isa = PBXBuildFile; productRef = DE2546862CE895AC00C60671 /* KakaoSDKCert */; };
		DE67E6492CE658BF00CBDC1A /* SnapKit in Frameworks */ = {isa = PBXBuildFile; productRef = DE67E6482CE658BF00CBDC1A /* SnapKit */; };
		DE67E64C2CE658C600CBDC1A /* Then in Frameworks */ = {isa = PBXBuildFile; productRef = DE67E64B2CE658C600CBDC1A /* Then */; };
		DE916A572CEB00740041DFD4 /* CombineMoya in Frameworks */ = {isa = PBXBuildFile; productRef = DE916A562CEB00740041DFD4 /* CombineMoya */; };
		DE916A592CEB00740041DFD4 /* Moya in Frameworks */ = {isa = PBXBuildFile; productRef = DE916A582CEB00740041DFD4 /* Moya */; };
		DE916A5B2CEB00740041DFD4 /* ReactiveMoya in Frameworks */ = {isa = PBXBuildFile; productRef = DE916A5A2CEB00740041DFD4 /* ReactiveMoya */; };
		DE916A5D2CEB00740041DFD4 /* RxMoya in Frameworks */ = {isa = PBXBuildFile; productRef = DE916A5C2CEB00740041DFD4 /* RxMoya */; };
/* End PBXBuildFile section */

/* Begin PBXFileReference section */
		DEC6A9592CA3A3F1003C5D8B /* KreamClone.app */ = {isa = PBXFileReference; explicitFileType = wrapper.application; includeInIndex = 0; path = KreamClone.app; sourceTree = BUILT_PRODUCTS_DIR; };
/* End PBXFileReference section */

/* Begin PBXFileSystemSynchronizedBuildFileExceptionSet section */
		DEC6A96B2CA3A3F3003C5D8B /* Exceptions for "KreamClone" folder in "KreamClone" target */ = {
			isa = PBXFileSystemSynchronizedBuildFileExceptionSet;
			membershipExceptions = (
				Info.plist,
			);
			target = DEC6A9582CA3A3F1003C5D8B /* KreamClone */;
		};
/* End PBXFileSystemSynchronizedBuildFileExceptionSet section */

/* Begin PBXFileSystemSynchronizedRootGroup section */
		DEC6A95B2CA3A3F1003C5D8B /* KreamClone */ = {
			isa = PBXFileSystemSynchronizedRootGroup;
			exceptions = (
				DEC6A96B2CA3A3F3003C5D8B /* Exceptions for "KreamClone" folder in "KreamClone" target */,
			);
			path = KreamClone;
			sourceTree = "<group>";
		};
/* End PBXFileSystemSynchronizedRootGroup section */

/* Begin PBXFrameworksBuildPhase section */
		DEC6A9562CA3A3F1003C5D8B /* Frameworks */ = {
			isa = PBXFrameworksBuildPhase;
			buildActionMask = 2147483647;
			files = (
				DE2546772CE7279500C60671 /* Alamofire in Frameworks */,
				DE2546812CE7329D00C60671 /* KakaoSDK in Frameworks */,
				DE916A592CEB00740041DFD4 /* Moya in Frameworks */,
				DE916A5D2CEB00740041DFD4 /* RxMoya in Frameworks */,
				DE916A5B2CEB00740041DFD4 /* ReactiveMoya in Frameworks */,
				DE67E6492CE658BF00CBDC1A /* SnapKit in Frameworks */,
				DE67E64C2CE658C600CBDC1A /* Then in Frameworks */,
				DE2546852CE7329D00C60671 /* KakaoSDKCommon in Frameworks */,
				DE2546872CE895AC00C60671 /* KakaoSDKCert in Frameworks */,
				DE916A572CEB00740041DFD4 /* CombineMoya in Frameworks */,
				DE2546832CE7329D00C60671 /* KakaoSDKAuth in Frameworks */,
			);
			runOnlyForDeploymentPostprocessing = 0;
		};
/* End PBXFrameworksBuildPhase section */

/* Begin PBXGroup section */
		DEC6A9502CA3A3F1003C5D8B = {
			isa = PBXGroup;
			children = (
				DEC6A95B2CA3A3F1003C5D8B /* KreamClone */,
				DEC6A95A2CA3A3F1003C5D8B /* Products */,
			);
			sourceTree = "<group>";
		};
		DEC6A95A2CA3A3F1003C5D8B /* Products */ = {
			isa = PBXGroup;
			children = (
				DEC6A9592CA3A3F1003C5D8B /* KreamClone.app */,
			);
			name = Products;
			sourceTree = "<group>";
		};
/* End PBXGroup section */

/* Begin PBXNativeTarget section */
		DEC6A9582CA3A3F1003C5D8B /* KreamClone */ = {
			isa = PBXNativeTarget;
			buildConfigurationList = DEC6A96C2CA3A3F3003C5D8B /* Build configuration list for PBXNativeTarget "KreamClone" */;
			buildPhases = (
				DEC6A9552CA3A3F1003C5D8B /* Sources */,
				DEC6A9562CA3A3F1003C5D8B /* Frameworks */,
				DEC6A9572CA3A3F1003C5D8B /* Resources */,
			);
			buildRules = (
			);
			dependencies = (
			);
			fileSystemSynchronizedGroups = (
				DEC6A95B2CA3A3F1003C5D8B /* KreamClone */,
			);
			name = KreamClone;
			packageProductDependencies = (
				DE67E6482CE658BF00CBDC1A /* SnapKit */,
				DE67E64B2CE658C600CBDC1A /* Then */,
				DE2546762CE7279500C60671 /* Alamofire */,
				DE2546802CE7329D00C60671 /* KakaoSDK */,
				DE2546822CE7329D00C60671 /* KakaoSDKAuth */,
				DE2546842CE7329D00C60671 /* KakaoSDKCommon */,
				DE2546862CE895AC00C60671 /* KakaoSDKCert */,
				DE916A562CEB00740041DFD4 /* CombineMoya */,
				DE916A582CEB00740041DFD4 /* Moya */,
				DE916A5A2CEB00740041DFD4 /* ReactiveMoya */,
				DE916A5C2CEB00740041DFD4 /* RxMoya */,
			);
			productName = KreamClone;
			productReference = DEC6A9592CA3A3F1003C5D8B /* KreamClone.app */;
			productType = "com.apple.product-type.application";
		};
/* End PBXNativeTarget section */

/* Begin PBXProject section */
		DEC6A9512CA3A3F1003C5D8B /* Project object */ = {
			isa = PBXProject;
			attributes = {
				BuildIndependentTargetsInParallel = 1;
				LastSwiftUpdateCheck = 1600;
				LastUpgradeCheck = 1600;
				TargetAttributes = {
					DEC6A9582CA3A3F1003C5D8B = {
						CreatedOnToolsVersion = 16.0;
					};
				};
			};
			buildConfigurationList = DEC6A9542CA3A3F1003C5D8B /* Build configuration list for PBXProject "KreamClone" */;
			developmentRegion = en;
			hasScannedForEncodings = 0;
			knownRegions = (
				en,
				Base,
			);
			mainGroup = DEC6A9502CA3A3F1003C5D8B;
			minimizedProjectReferenceProxies = 1;
			packageReferences = (
				DE67E6472CE658BF00CBDC1A /* XCRemoteSwiftPackageReference "SnapKit" */,
				DE67E64A2CE658C600CBDC1A /* XCRemoteSwiftPackageReference "Then" */,
				DE2546752CE7279500C60671 /* XCRemoteSwiftPackageReference "Alamofire" */,
				DE25467F2CE7329D00C60671 /* XCRemoteSwiftPackageReference "kakao-ios-sdk" */,
				DE916A552CEB00740041DFD4 /* XCRemoteSwiftPackageReference "Moya" */,
			);
			preferredProjectObjectVersion = 77;
			productRefGroup = DEC6A95A2CA3A3F1003C5D8B /* Products */;
			projectDirPath = "";
			projectRoot = "";
			targets = (
				DEC6A9582CA3A3F1003C5D8B /* KreamClone */,
			);
		};
/* End PBXProject section */

/* Begin PBXResourcesBuildPhase section */
		DEC6A9572CA3A3F1003C5D8B /* Resources */ = {
			isa = PBXResourcesBuildPhase;
			buildActionMask = 2147483647;
			files = (
			);
			runOnlyForDeploymentPostprocessing = 0;
		};
/* End PBXResourcesBuildPhase section */

/* Begin PBXSourcesBuildPhase section */
		DEC6A9552CA3A3F1003C5D8B /* Sources */ = {
			isa = PBXSourcesBuildPhase;
			buildActionMask = 2147483647;
			files = (
			);
			runOnlyForDeploymentPostprocessing = 0;
		};
/* End PBXSourcesBuildPhase section */

/* Begin XCBuildConfiguration section */
		DEC6A96D2CA3A3F3003C5D8B /* Debug */ = {
			isa = XCBuildConfiguration;
			buildSettings = {
				ASSETCATALOG_COMPILER_APPICON_NAME = AppIcon;
				ASSETCATALOG_COMPILER_GLOBAL_ACCENT_COLOR_NAME = AccentColor;
				CODE_SIGN_STYLE = Automatic;
				CURRENT_PROJECT_VERSION = 1;
				DEVELOPMENT_TEAM = UL8N5DYKBQ;
				GENERATE_INFOPLIST_FILE = YES;
				INFOPLIST_FILE = KreamClone/Info.plist;
				INFOPLIST_KEY_UIApplicationSupportsIndirectInputEvents = YES;
				INFOPLIST_KEY_UILaunchStoryboardName = LaunchScreen;
				INFOPLIST_KEY_UISupportedInterfaceOrientations_iPad = "UIInterfaceOrientationPortrait UIInterfaceOrientationPortraitUpsideDown UIInterfaceOrientationLandscapeLeft UIInterfaceOrientationLandscapeRight";
				INFOPLIST_KEY_UISupportedInterfaceOrientations_iPhone = "UIInterfaceOrientationPortrait UIInterfaceOrientationLandscapeLeft UIInterfaceOrientationLandscapeRight";
				LD_RUNPATH_SEARCH_PATHS = (
					"$(inherited)",
					"@executable_path/Frameworks",
				);
				MARKETING_VERSION = 1.0;
				PRODUCT_BUNDLE_IDENTIFIER = com.keonsoo.KreamClone;
				PRODUCT_NAME = "$(TARGET_NAME)";
				SWIFT_EMIT_LOC_STRINGS = YES;
				SWIFT_VERSION = 5.0;
				TARGETED_DEVICE_FAMILY = "1,2";
			};
			name = Debug;
		};
		DEC6A96E2CA3A3F3003C5D8B /* Release */ = {
			isa = XCBuildConfiguration;
			buildSettings = {
				ASSETCATALOG_COMPILER_APPICON_NAME = AppIcon;
				ASSETCATALOG_COMPILER_GLOBAL_ACCENT_COLOR_NAME = AccentColor;
				CODE_SIGN_STYLE = Automatic;
				CURRENT_PROJECT_VERSION = 1;
				DEVELOPMENT_TEAM = UL8N5DYKBQ;
				GENERATE_INFOPLIST_FILE = YES;
				INFOPLIST_FILE = KreamClone/Info.plist;
				INFOPLIST_KEY_UIApplicationSupportsIndirectInputEvents = YES;
				INFOPLIST_KEY_UILaunchStoryboardName = LaunchScreen;
				INFOPLIST_KEY_UISupportedInterfaceOrientations_iPad = "UIInterfaceOrientationPortrait UIInterfaceOrientationPortraitUpsideDown UIInterfaceOrientationLandscapeLeft UIInterfaceOrientationLandscapeRight";
				INFOPLIST_KEY_UISupportedInterfaceOrientations_iPhone = "UIInterfaceOrientationPortrait UIInterfaceOrientationLandscapeLeft UIInterfaceOrientationLandscapeRight";
				LD_RUNPATH_SEARCH_PATHS = (
					"$(inherited)",
					"@executable_path/Frameworks",
				);
				MARKETING_VERSION = 1.0;
				PRODUCT_BUNDLE_IDENTIFIER = com.keonsoo.KreamClone;
				PRODUCT_NAME = "$(TARGET_NAME)";
				SWIFT_EMIT_LOC_STRINGS = YES;
				SWIFT_VERSION = 5.0;
				TARGETED_DEVICE_FAMILY = "1,2";
			};
			name = Release;
		};
		DEC6A96F2CA3A3F3003C5D8B /* Debug */ = {
			isa = XCBuildConfiguration;
			buildSettings = {
				ALWAYS_SEARCH_USER_PATHS = NO;
				ASSETCATALOG_COMPILER_GENERATE_SWIFT_ASSET_SYMBOL_EXTENSIONS = YES;
				CLANG_ANALYZER_NONNULL = YES;
				CLANG_ANALYZER_NUMBER_OBJECT_CONVERSION = YES_AGGRESSIVE;
				CLANG_CXX_LANGUAGE_STANDARD = "gnu++20";
				CLANG_ENABLE_MODULES = YES;
				CLANG_ENABLE_OBJC_ARC = YES;
				CLANG_ENABLE_OBJC_WEAK = YES;
				CLANG_WARN_BLOCK_CAPTURE_AUTORELEASING = YES;
				CLANG_WARN_BOOL_CONVERSION = YES;
				CLANG_WARN_COMMA = YES;
				CLANG_WARN_CONSTANT_CONVERSION = YES;
				CLANG_WARN_DEPRECATED_OBJC_IMPLEMENTATIONS = YES;
				CLANG_WARN_DIRECT_OBJC_ISA_USAGE = YES_ERROR;
				CLANG_WARN_DOCUMENTATION_COMMENTS = YES;
				CLANG_WARN_EMPTY_BODY = YES;
				CLANG_WARN_ENUM_CONVERSION = YES;
				CLANG_WARN_INFINITE_RECURSION = YES;
				CLANG_WARN_INT_CONVERSION = YES;
				CLANG_WARN_NON_LITERAL_NULL_CONVERSION = YES;
				CLANG_WARN_OBJC_IMPLICIT_RETAIN_SELF = YES;
				CLANG_WARN_OBJC_LITERAL_CONVERSION = YES;
				CLANG_WARN_OBJC_ROOT_CLASS = YES_ERROR;
				CLANG_WARN_QUOTED_INCLUDE_IN_FRAMEWORK_HEADER = YES;
				CLANG_WARN_RANGE_LOOP_ANALYSIS = YES;
				CLANG_WARN_STRICT_PROTOTYPES = YES;
				CLANG_WARN_SUSPICIOUS_MOVE = YES;
				CLANG_WARN_UNGUARDED_AVAILABILITY = YES_AGGRESSIVE;
				CLANG_WARN_UNREACHABLE_CODE = YES;
				CLANG_WARN__DUPLICATE_METHOD_MATCH = YES;
				COPY_PHASE_STRIP = NO;
				DEBUG_INFORMATION_FORMAT = dwarf;
				ENABLE_STRICT_OBJC_MSGSEND = YES;
				ENABLE_TESTABILITY = YES;
				ENABLE_USER_SCRIPT_SANDBOXING = YES;
				GCC_C_LANGUAGE_STANDARD = gnu17;
				GCC_DYNAMIC_NO_PIC = NO;
				GCC_NO_COMMON_BLOCKS = YES;
				GCC_OPTIMIZATION_LEVEL = 0;
				GCC_PREPROCESSOR_DEFINITIONS = (
					"DEBUG=1",
					"$(inherited)",
				);
				GCC_WARN_64_TO_32_BIT_CONVERSION = YES;
				GCC_WARN_ABOUT_RETURN_TYPE = YES_ERROR;
				GCC_WARN_UNDECLARED_SELECTOR = YES;
				GCC_WARN_UNINITIALIZED_AUTOS = YES_AGGRESSIVE;
				GCC_WARN_UNUSED_FUNCTION = YES;
				GCC_WARN_UNUSED_VARIABLE = YES;
				IPHONEOS_DEPLOYMENT_TARGET = 18.0;
				LOCALIZATION_PREFERS_STRING_CATALOGS = YES;
				MTL_ENABLE_DEBUG_INFO = INCLUDE_SOURCE;
				MTL_FAST_MATH = YES;
				ONLY_ACTIVE_ARCH = YES;
				SDKROOT = iphoneos;
				SWIFT_ACTIVE_COMPILATION_CONDITIONS = "DEBUG $(inherited)";
				SWIFT_OPTIMIZATION_LEVEL = "-Onone";
			};
			name = Debug;
		};
		DEC6A9702CA3A3F3003C5D8B /* Release */ = {
			isa = XCBuildConfiguration;
			buildSettings = {
				ALWAYS_SEARCH_USER_PATHS = NO;
				ASSETCATALOG_COMPILER_GENERATE_SWIFT_ASSET_SYMBOL_EXTENSIONS = YES;
				CLANG_ANALYZER_NONNULL = YES;
				CLANG_ANALYZER_NUMBER_OBJECT_CONVERSION = YES_AGGRESSIVE;
				CLANG_CXX_LANGUAGE_STANDARD = "gnu++20";
				CLANG_ENABLE_MODULES = YES;
				CLANG_ENABLE_OBJC_ARC = YES;
				CLANG_ENABLE_OBJC_WEAK = YES;
				CLANG_WARN_BLOCK_CAPTURE_AUTORELEASING = YES;
				CLANG_WARN_BOOL_CONVERSION = YES;
				CLANG_WARN_COMMA = YES;
				CLANG_WARN_CONSTANT_CONVERSION = YES;
				CLANG_WARN_DEPRECATED_OBJC_IMPLEMENTATIONS = YES;
				CLANG_WARN_DIRECT_OBJC_ISA_USAGE = YES_ERROR;
				CLANG_WARN_DOCUMENTATION_COMMENTS = YES;
				CLANG_WARN_EMPTY_BODY = YES;
				CLANG_WARN_ENUM_CONVERSION = YES;
				CLANG_WARN_INFINITE_RECURSION = YES;
				CLANG_WARN_INT_CONVERSION = YES;
				CLANG_WARN_NON_LITERAL_NULL_CONVERSION = YES;
				CLANG_WARN_OBJC_IMPLICIT_RETAIN_SELF = YES;
				CLANG_WARN_OBJC_LITERAL_CONVERSION = YES;
				CLANG_WARN_OBJC_ROOT_CLASS = YES_ERROR;
				CLANG_WARN_QUOTED_INCLUDE_IN_FRAMEWORK_HEADER = YES;
				CLANG_WARN_RANGE_LOOP_ANALYSIS = YES;
				CLANG_WARN_STRICT_PROTOTYPES = YES;
				CLANG_WARN_SUSPICIOUS_MOVE = YES;
				CLANG_WARN_UNGUARDED_AVAILABILITY = YES_AGGRESSIVE;
				CLANG_WARN_UNREACHABLE_CODE = YES;
				CLANG_WARN__DUPLICATE_METHOD_MATCH = YES;
				COPY_PHASE_STRIP = NO;
				DEBUG_INFORMATION_FORMAT = "dwarf-with-dsym";
				ENABLE_NS_ASSERTIONS = NO;
				ENABLE_STRICT_OBJC_MSGSEND = YES;
				ENABLE_USER_SCRIPT_SANDBOXING = YES;
				GCC_C_LANGUAGE_STANDARD = gnu17;
				GCC_NO_COMMON_BLOCKS = YES;
				GCC_WARN_64_TO_32_BIT_CONVERSION = YES;
				GCC_WARN_ABOUT_RETURN_TYPE = YES_ERROR;
				GCC_WARN_UNDECLARED_SELECTOR = YES;
				GCC_WARN_UNINITIALIZED_AUTOS = YES_AGGRESSIVE;
				GCC_WARN_UNUSED_FUNCTION = YES;
				GCC_WARN_UNUSED_VARIABLE = YES;
				IPHONEOS_DEPLOYMENT_TARGET = 18.0;
				LOCALIZATION_PREFERS_STRING_CATALOGS = YES;
				MTL_ENABLE_DEBUG_INFO = NO;
				MTL_FAST_MATH = YES;
				SDKROOT = iphoneos;
				SWIFT_COMPILATION_MODE = wholemodule;
				VALIDATE_PRODUCT = YES;
			};
			name = Release;
		};
/* End XCBuildConfiguration section */

/* Begin XCConfigurationList section */
		DEC6A9542CA3A3F1003C5D8B /* Build configuration list for PBXProject "KreamClone" */ = {
			isa = XCConfigurationList;
			buildConfigurations = (
				DEC6A96F2CA3A3F3003C5D8B /* Debug */,
				DEC6A9702CA3A3F3003C5D8B /* Release */,
			);
			defaultConfigurationIsVisible = 0;
			defaultConfigurationName = Release;
		};
		DEC6A96C2CA3A3F3003C5D8B /* Build configuration list for PBXNativeTarget "KreamClone" */ = {
			isa = XCConfigurationList;
			buildConfigurations = (
				DEC6A96D2CA3A3F3003C5D8B /* Debug */,
				DEC6A96E2CA3A3F3003C5D8B /* Release */,
			);
			defaultConfigurationIsVisible = 0;
			defaultConfigurationName = Release;
		};
/* End XCConfigurationList section */

/* Begin XCRemoteSwiftPackageReference section */
		DE2546752CE7279500C60671 /* XCRemoteSwiftPackageReference "Alamofire" */ = {
			isa = XCRemoteSwiftPackageReference;
			repositoryURL = "https://github.com/Alamofire/Alamofire.git";
			requirement = {
				kind = upToNextMajorVersion;
				minimumVersion = 5.10.1;
			};
		};
		DE25467F2CE7329D00C60671 /* XCRemoteSwiftPackageReference "kakao-ios-sdk" */ = {
			isa = XCRemoteSwiftPackageReference;
			repositoryURL = "https://github.com/kakao/kakao-ios-sdk.git";
			requirement = {
				kind = upToNextMajorVersion;
				minimumVersion = 2.23.0;
			};
		};
		DE67E6472CE658BF00CBDC1A /* XCRemoteSwiftPackageReference "SnapKit" */ = {
			isa = XCRemoteSwiftPackageReference;
			repositoryURL = "https://github.com/SnapKit/SnapKit.git";
			requirement = {
				kind = upToNextMajorVersion;
				minimumVersion = 5.7.1;
			};
		};
		DE67E64A2CE658C600CBDC1A /* XCRemoteSwiftPackageReference "Then" */ = {
			isa = XCRemoteSwiftPackageReference;
			repositoryURL = "https://github.com/devxoul/Then.git";
			requirement = {
				kind = upToNextMajorVersion;
				minimumVersion = 3.0.0;
			};
		};
		DE916A552CEB00740041DFD4 /* XCRemoteSwiftPackageReference "Moya" */ = {
			isa = XCRemoteSwiftPackageReference;
			repositoryURL = "https://github.com/Moya/Moya";
			requirement = {
				kind = upToNextMajorVersion;
				minimumVersion = 15.0.3;
			};
		};
/* End XCRemoteSwiftPackageReference section */

/* Begin XCSwiftPackageProductDependency section */
		DE2546762CE7279500C60671 /* Alamofire */ = {
			isa = XCSwiftPackageProductDependency;
			package = DE2546752CE7279500C60671 /* XCRemoteSwiftPackageReference "Alamofire" */;
			productName = Alamofire;
		};
		DE2546802CE7329D00C60671 /* KakaoSDK */ = {
			isa = XCSwiftPackageProductDependency;
			package = DE25467F2CE7329D00C60671 /* XCRemoteSwiftPackageReference "kakao-ios-sdk" */;
			productName = KakaoSDK;
		};
		DE2546822CE7329D00C60671 /* KakaoSDKAuth */ = {
			isa = XCSwiftPackageProductDependency;
			package = DE25467F2CE7329D00C60671 /* XCRemoteSwiftPackageReference "kakao-ios-sdk" */;
			productName = KakaoSDKAuth;
		};
		DE2546842CE7329D00C60671 /* KakaoSDKCommon */ = {
			isa = XCSwiftPackageProductDependency;
			package = DE25467F2CE7329D00C60671 /* XCRemoteSwiftPackageReference "kakao-ios-sdk" */;
			productName = KakaoSDKCommon;
		};
		DE2546862CE895AC00C60671 /* KakaoSDKCert */ = {
			isa = XCSwiftPackageProductDependency;
			package = DE25467F2CE7329D00C60671 /* XCRemoteSwiftPackageReference "kakao-ios-sdk" */;
			productName = KakaoSDKCert;
		};
		DE67E6482CE658BF00CBDC1A /* SnapKit */ = {
			isa = XCSwiftPackageProductDependency;
			package = DE67E6472CE658BF00CBDC1A /* XCRemoteSwiftPackageReference "SnapKit" */;
			productName = SnapKit;
		};
		DE67E64B2CE658C600CBDC1A /* Then */ = {
			isa = XCSwiftPackageProductDependency;
			package = DE67E64A2CE658C600CBDC1A /* XCRemoteSwiftPackageReference "Then" */;
			productName = Then;
		};
		DE916A562CEB00740041DFD4 /* CombineMoya */ = {
			isa = XCSwiftPackageProductDependency;
			package = DE916A552CEB00740041DFD4 /* XCRemoteSwiftPackageReference "Moya" */;
			productName = CombineMoya;
		};
		DE916A582CEB00740041DFD4 /* Moya */ = {
			isa = XCSwiftPackageProductDependency;
			package = DE916A552CEB00740041DFD4 /* XCRemoteSwiftPackageReference "Moya" */;
			productName = Moya;
		};
		DE916A5A2CEB00740041DFD4 /* ReactiveMoya */ = {
			isa = XCSwiftPackageProductDependency;
			package = DE916A552CEB00740041DFD4 /* XCRemoteSwiftPackageReference "Moya" */;
			productName = ReactiveMoya;
		};
		DE916A5C2CEB00740041DFD4 /* RxMoya */ = {
			isa = XCSwiftPackageProductDependency;
			package = DE916A552CEB00740041DFD4 /* XCRemoteSwiftPackageReference "Moya" */;
			productName = RxMoya;
		};
/* End XCSwiftPackageProductDependency section */
	};
	rootObject = DEC6A9512CA3A3F1003C5D8B /* Project object */;
}
